
Microsoft Visual Studio Solution File, Format Version 12.00
Project("{FAE04EC0-301F-11D3-BF4B-00C04F79EFBC}") = "TestContainers.Sample", "TestContainers.Sample\TestContainers.Sample.csproj", "{012BDC96-5845-4399-95A3-30219A0C2AF2}"
EndProject
Project("{FAE04EC0-301F-11D3-BF4B-00C04F79EFBC}") = "TestContainers.Sample.Test", "TestContainers.Sample.Test\TestContainers.Sample.Test.csproj", "{803759BA-3181-4134-98A0-848B9864120B}"
EndProject
Global
	GlobalSection(SolutionConfigurationPlatforms) = preSolution
		Debug|Any CPU = Debug|Any CPU
		Release|Any CPU = Release|Any CPU
	EndGlobalSection
	GlobalSection(ProjectConfigurationPlatforms) = postSolution
		{012BDC96-5845-4399-95A3-30219A0C2AF2}.Debug|Any CPU.ActiveCfg = Debug|Any CPU
		{012BDC96-5845-4399-95A3-30219A0C2AF2}.Debug|Any CPU.Build.0 = Debug|Any CPU
		{012BDC96-5845-4399-95A3-30219A0C2AF2}.Release|Any CPU.ActiveCfg = Release|Any CPU
		{012BDC96-5845-4399-95A3-30219A0C2AF2}.Release|Any CPU.Build.0 = Release|Any CPU
		{803759BA-3181-4134-98A0-848B9864120B}.Debug|Any CPU.ActiveCfg = Debug|Any CPU
		{803759BA-3181-4134-98A0-848B9864120B}.Debug|Any CPU.Build.0 = Debug|Any CPU
		{803759BA-3181-4134-98A0-848B9864120B}.Release|Any CPU.ActiveCfg = Release|Any CPU
		{803759BA-3181-4134-98A0-848B9864120B}.Release|Any CPU.Build.0 = Release|Any CPU
	EndGlobalSection
EndGlobal
